
Microsoft Visual Studio Solution File, Format Version 12.00
# Visual Studio Version 16
VisualStudioVersion = 16.0.30320.27
MinimumVisualStudioVersion = 10.0.40219.1
Project("{9A19103F-16F7-4668-BE54-9A1E7A4F7556}") = "ProgrammingQuestions", "ProgrammingQuestions\ProgrammingQuestions.csproj", "{72F824D7-6BD7-46B9-85FF-886846FA0D92}"
EndProject
Project("{9A19103F-16F7-4668-BE54-9A1E7A4F7556}") = "Searching", "Searching\Searching.csproj", "{A8140B3A-6CD3-42B3-ABDF-500623A1A8A8}"
EndProject
Project("{9A19103F-16F7-4668-BE54-9A1E7A4F7556}") = "Sorting", "Sorting\Sorting.csproj", "{5893EE63-C9C9-4411-BF12-60D33588BFE4}"
EndProject
Project("{9A19103F-16F7-4668-BE54-9A1E7A4F7556}") = "BitManipulation", "BitManipulation\BitManipulation.csproj", "{F8CD8789-F1C2-4879-9347-E8367283D4C7}"
EndProject
Project("{9A19103F-16F7-4668-BE54-9A1E7A4F7556}") = "GreedyAlgorithms", "GreedyAlgorithms\GreedyAlgorithms.csproj", "{4BC6183A-1771-4C82-8605-2D99FC56381B}"
EndProject
Project("{9A19103F-16F7-4668-BE54-9A1E7A4F7556}") = "LinkedList", "LinkedList\LinkedList.csproj", "{C12BFF53-862C-4091-A500-A0CB87D9AFF3}"
EndProject
Project("{FAE04EC0-301F-11D3-BF4B-00C04F79EFBC}") = "InterviewQuestions", "InterviewQuestions\InterviewQuestions.csproj", "{E61602A8-4BD5-495D-BCCA-FB242C211726}"
EndProject
Global
	GlobalSection(SolutionConfigurationPlatforms) = preSolution
		Debug|Any CPU = Debug|Any CPU
		Release|Any CPU = Release|Any CPU
	EndGlobalSection
	GlobalSection(ProjectConfigurationPlatforms) = postSolution
		{72F824D7-6BD7-46B9-85FF-886846FA0D92}.Debug|Any CPU.ActiveCfg = Debug|Any CPU
		{72F824D7-6BD7-46B9-85FF-886846FA0D92}.Debug|Any CPU.Build.0 = Debug|Any CPU
		{72F824D7-6BD7-46B9-85FF-886846FA0D92}.Release|Any CPU.ActiveCfg = Release|Any CPU
		{72F824D7-6BD7-46B9-85FF-886846FA0D92}.Release|Any CPU.Build.0 = Release|Any CPU
		{A8140B3A-6CD3-42B3-ABDF-500623A1A8A8}.Debug|Any CPU.ActiveCfg = Debug|Any CPU
		{A8140B3A-6CD3-42B3-ABDF-500623A1A8A8}.Debug|Any CPU.Build.0 = Debug|Any CPU
		{A8140B3A-6CD3-42B3-ABDF-500623A1A8A8}.Release|Any CPU.ActiveCfg = Release|Any CPU
		{A8140B3A-6CD3-42B3-ABDF-500623A1A8A8}.Release|Any CPU.Build.0 = Release|Any CPU
		{5893EE63-C9C9-4411-BF12-60D33588BFE4}.Debug|Any CPU.ActiveCfg = Debug|Any CPU
		{5893EE63-C9C9-4411-BF12-60D33588BFE4}.Debug|Any CPU.Build.0 = Debug|Any CPU
		{5893EE63-C9C9-4411-BF12-60D33588BFE4}.Release|Any CPU.ActiveCfg = Release|Any CPU
		{5893EE63-C9C9-4411-BF12-60D33588BFE4}.Release|Any CPU.Build.0 = Release|Any CPU
		{F8CD8789-F1C2-4879-9347-E8367283D4C7}.Debug|Any CPU.ActiveCfg = Debug|Any CPU
		{F8CD8789-F1C2-4879-9347-E8367283D4C7}.Debug|Any CPU.Build.0 = Debug|Any CPU
		{F8CD8789-F1C2-4879-9347-E8367283D4C7}.Release|Any CPU.ActiveCfg = Release|Any CPU
		{F8CD8789-F1C2-4879-9347-E8367283D4C7}.Release|Any CPU.Build.0 = Release|Any CPU
		{4BC6183A-1771-4C82-8605-2D99FC56381B}.Debug|Any CPU.ActiveCfg = Debug|Any CPU
		{4BC6183A-1771-4C82-8605-2D99FC56381B}.Debug|Any CPU.Build.0 = Debug|Any CPU
		{4BC6183A-1771-4C82-8605-2D99FC56381B}.Release|Any CPU.ActiveCfg = Release|Any CPU
		{4BC6183A-1771-4C82-8605-2D99FC56381B}.Release|Any CPU.Build.0 = Release|Any CPU
		{C12BFF53-862C-4091-A500-A0CB87D9AFF3}.Debug|Any CPU.ActiveCfg = Debug|Any CPU
		{C12BFF53-862C-4091-A500-A0CB87D9AFF3}.Debug|Any CPU.Build.0 = Debug|Any CPU
		{C12BFF53-862C-4091-A500-A0CB87D9AFF3}.Release|Any CPU.ActiveCfg = Release|Any CPU
		{C12BFF53-862C-4091-A500-A0CB87D9AFF3}.Release|Any CPU.Build.0 = Release|Any CPU
		{E61602A8-4BD5-495D-BCCA-FB242C211726}.Debug|Any CPU.ActiveCfg = Debug|Any CPU
		{E61602A8-4BD5-495D-BCCA-FB242C211726}.Debug|Any CPU.Build.0 = Debug|Any CPU
		{E61602A8-4BD5-495D-BCCA-FB242C211726}.Release|Any CPU.ActiveCfg = Release|Any CPU
		{E61602A8-4BD5-495D-BCCA-FB242C211726}.Release|Any CPU.Build.0 = Release|Any CPU
	EndGlobalSection
	GlobalSection(SolutionProperties) = preSolution
		HideSolutionNode = FALSE
	EndGlobalSection
	GlobalSection(ExtensibilityGlobals) = postSolution
		SolutionGuid = {1EAA5039-9A06-4410-9656-61AEAB7A2878}
	EndGlobalSection
EndGlobal
